PODS:
  - ShadowSocks-libev-iOS (3.2.5):
    - ShadowSocks-libev-iOS/c-ares (= 3.2.5)
    - ShadowSocks-libev-iOS/libbloom (= 3.2.5)
    - ShadowSocks-libev-iOS/libcork (= 3.2.5)
    - ShadowSocks-libev-iOS/libev (= 3.2.5)
    - ShadowSocks-libev-iOS/libipset (= 3.2.5)
    - ShadowSocks-libev-iOS/mbedtls (= 3.2.5)
    - ShadowSocks-libev-iOS/pcre (= 3.2.5)
    - ShadowSocks-libev-iOS/sodium (= 3.2.5)
  - ShadowSocks-libev-iOS/c-ares (3.2.5)
  - ShadowSocks-libev-iOS/libbloom (3.2.5)
  - ShadowSocks-libev-iOS/libcork (3.2.5)
  - ShadowSocks-libev-iOS/libev (3.2.5)
  - ShadowSocks-libev-iOS/libipset (3.2.5):
    - ShadowSocks-libev-iOS/libcork
  - ShadowSocks-libev-iOS/mbedtls (3.2.5)
  - ShadowSocks-libev-iOS/pcre (3.2.5)
  - ShadowSocks-libev-iOS/sodium (3.2.5)

DEPENDENCIES:
  - ShadowSocks-libev-iOS (from `https://github.com/juvham/ShadowSocks-libev-iOS.git`, tag `master`)

EXTERNAL SOURCES:
  ShadowSocks-libev-iOS:
    :git: https://github.com/juvham/ShadowSocks-libev-iOS.git
    :tag: master

CHECKOUT OPTIONS:
  ShadowSocks-libev-iOS:
    :git: https://github.com/juvham/ShadowSocks-libev-iOS.git
    :tag: master

SPEC CHECKSUMS:
  ShadowSocks-libev-iOS: 6a71cdde89752cd491f7bfa7da859ec3509d5b1d

PODFILE CHECKSUM: fc394f8a3beec7773e9476caa1abe402407fb40d

COCOAPODS: 1.6.1
