PODS:
  - libev-iOS (4.22.0)
  - ShadowSocks-libev-iOS (3.1.3):
    - libev-iOS (~> 4.22)
    - ShadowSocks-libev-iOS/c-ares (= 3.1.3)
    - ShadowSocks-libev-iOS/libbloom (= 3.1.3)
    - ShadowSocks-libev-iOS/libcork (= 3.1.3)
    - ShadowSocks-libev-iOS/libipset (= 3.1.3)
    - ShadowSocks-libev-iOS/mbedtls (= 3.1.3)
    - ShadowSocks-libev-iOS/pcre (= 3.1.3)
    - ShadowSocks-libev-iOS/sodium (= 3.1.3)
  - ShadowSocks-libev-iOS/c-ares (3.1.3):
    - libev-iOS (~> 4.22)
  - ShadowSocks-libev-iOS/libbloom (3.1.3):
    - libev-iOS (~> 4.22)
  - ShadowSocks-libev-iOS/libcork (3.1.3):
    - libev-iOS (~> 4.22)
  - ShadowSocks-libev-iOS/libipset (3.1.3):
    - libev-iOS (~> 4.22)
    - ShadowSocks-libev-iOS/libcork
  - ShadowSocks-libev-iOS/mbedtls (3.1.3):
    - libev-iOS (~> 4.22)
  - ShadowSocks-libev-iOS/pcre (3.1.3):
    - libev-iOS (~> 4.22)
  - ShadowSocks-libev-iOS/sodium (3.1.3):
    - libev-iOS (~> 4.22)

DEPENDENCIES:
  - ShadowSocks-libev-iOS (from `./`)

SPEC REPOS:
  https://github.com/cocoapods/specs.git:
    - libev-iOS

EXTERNAL SOURCES:
  ShadowSocks-libev-iOS:
    :path: "./"

SPEC CHECKSUMS:
  libev-iOS: de664bc442ff74afdc0f50d14f682107d59cef6f
  ShadowSocks-libev-iOS: 94962c6b99591c7b20c8d54b7738d92235fc295a

PODFILE CHECKSUM: 34cf55832ea4d66aa2ec9ec5cecb46a9ac084ae8

COCOAPODS: 1.6.1
